
Microsoft Visual Studio Solution File, Format Version 12.00
# Visual Studio Version 17
VisualStudioVersion = 17.13.35828.75 d17.13
MinimumVisualStudioVersion = 10.0.40219.1
Project("{FAE04EC0-301F-11D3-BF4B-00C04F79EFBC}") = "EsmeChecker.WebAPI", "EsmeChecker.WebAPI\EsmeChecker.WebAPI.csproj", "{B9B5A323-EFAF-40C9-B07C-EA56C3C9F753}"
EndProject
Project("{FAE04EC0-301F-11D3-BF4B-00C04F79EFBC}") = "EsmeChecker.Models", "EsmeChecker.Models\EsmeChecker.Models.csproj", "{A7E092E3-F8E9-46DB-91CB-1D2B780A5DC4}"
EndProject
Project("{FAE04EC0-301F-11D3-BF4B-00C04F79EFBC}") = "EsmeChecker.Entities", "EsmeChecker.Entities\EsmeChecker.Entities.csproj", "{C71F5710-58B4-4D37-B653-EDD97334B980}"
EndProject
Project("{FAE04EC0-301F-11D3-BF4B-00C04F79EFBC}") = "EsmeChecker.DataAccess", "EsmeChecker.DataAccess\EsmeChecker.DataAccess.csproj", "{7F49E847-BCC9-4761-B778-1D4C4E31FF6F}"
EndProject
Project("{FAE04EC0-301F-11D3-BF4B-00C04F79EFBC}") = "EsmeChecker.BusinessRules", "EsmeChecker.BusinessRules\EsmeChecker.BusinessRules.csproj", "{228C75AD-0A89-4639-90D2-D84D3FE68716}"
EndProject
Global
	GlobalSection(SolutionConfigurationPlatforms) = preSolution
		Debug|Any CPU = Debug|Any CPU
		Release|Any CPU = Release|Any CPU
	EndGlobalSection
	GlobalSection(ProjectConfigurationPlatforms) = postSolution
		{B9B5A323-EFAF-40C9-B07C-EA56C3C9F753}.Debug|Any CPU.ActiveCfg = Debug|Any CPU
		{B9B5A323-EFAF-40C9-B07C-EA56C3C9F753}.Debug|Any CPU.Build.0 = Debug|Any CPU
		{B9B5A323-EFAF-40C9-B07C-EA56C3C9F753}.Release|Any CPU.ActiveCfg = Release|Any CPU
		{B9B5A323-EFAF-40C9-B07C-EA56C3C9F753}.Release|Any CPU.Build.0 = Release|Any CPU
		{A7E092E3-F8E9-46DB-91CB-1D2B780A5DC4}.Debug|Any CPU.ActiveCfg = Debug|Any CPU
		{A7E092E3-F8E9-46DB-91CB-1D2B780A5DC4}.Debug|Any CPU.Build.0 = Debug|Any CPU
		{A7E092E3-F8E9-46DB-91CB-1D2B780A5DC4}.Release|Any CPU.ActiveCfg = Release|Any CPU
		{A7E092E3-F8E9-46DB-91CB-1D2B780A5DC4}.Release|Any CPU.Build.0 = Release|Any CPU
		{C71F5710-58B4-4D37-B653-EDD97334B980}.Debug|Any CPU.ActiveCfg = Debug|Any CPU
		{C71F5710-58B4-4D37-B653-EDD97334B980}.Debug|Any CPU.Build.0 = Debug|Any CPU
		{C71F5710-58B4-4D37-B653-EDD97334B980}.Release|Any CPU.ActiveCfg = Release|Any CPU
		{C71F5710-58B4-4D37-B653-EDD97334B980}.Release|Any CPU.Build.0 = Release|Any CPU
		{7F49E847-BCC9-4761-B778-1D4C4E31FF6F}.Debug|Any CPU.ActiveCfg = Debug|Any CPU
		{7F49E847-BCC9-4761-B778-1D4C4E31FF6F}.Debug|Any CPU.Build.0 = Debug|Any CPU
		{7F49E847-BCC9-4761-B778-1D4C4E31FF6F}.Release|Any CPU.ActiveCfg = Release|Any CPU
		{7F49E847-BCC9-4761-B778-1D4C4E31FF6F}.Release|Any CPU.Build.0 = Release|Any CPU
		{228C75AD-0A89-4639-90D2-D84D3FE68716}.Debug|Any CPU.ActiveCfg = Debug|Any CPU
		{228C75AD-0A89-4639-90D2-D84D3FE68716}.Debug|Any CPU.Build.0 = Debug|Any CPU
		{228C75AD-0A89-4639-90D2-D84D3FE68716}.Release|Any CPU.ActiveCfg = Release|Any CPU
		{228C75AD-0A89-4639-90D2-D84D3FE68716}.Release|Any CPU.Build.0 = Release|Any CPU
	EndGlobalSection
	GlobalSection(SolutionProperties) = preSolution
		HideSolutionNode = FALSE
	EndGlobalSection
	GlobalSection(ExtensibilityGlobals) = postSolution
		SolutionGuid = {A8BC116D-FABD-4AE6-9F0B-FE7E0219B9C4}
	EndGlobalSection
EndGlobal
